((add-node-modules-path :source "elpaca-menu-lock-file" :recipe
                        (:package "add-node-modules-path" :repo
                                  "codesuki/add-node-modules-path"
                                  :fetcher github :files
                                  ("*.el" "*.el.in" "dir" "*.info"
                                   "*.texi" "*.texinfo" "doc/dir"
                                   "doc/*.info" "doc/*.texi"
                                   "doc/*.texinfo" "lisp/*.el"
                                   "docs/dir" "docs/*.info"
                                   "docs/*.texi" "docs/*.texinfo"
                                   (:exclude ".dir-locals.el"
                                             "test.el" "tests.el"
                                             "*-test.el" "*-tests.el"
                                             "LICENSE" "README*"
                                             "*-pkg.el"))
                                  :source "MELPA" :protocol https
                                  :inherit t :depth treeless :ref
                                  "841e93dfed50448da66c89a977c9182bb18796a1"))
 (annalist :source "elpaca-menu-lock-file" :recipe
           (:package "annalist" :fetcher github :repo
                     "noctuid/annalist.el" :files
                     ("*.el" "*.el.in" "dir" "*.info" "*.texi"
                      "*.texinfo" "doc/dir" "doc/*.info" "doc/*.texi"
                      "doc/*.texinfo" "lisp/*.el" "docs/dir"
                      "docs/*.info" "docs/*.texi" "docs/*.texinfo"
                      (:exclude ".dir-locals.el" "test.el" "tests.el"
                                "*-test.el" "*-tests.el" "LICENSE"
                                "README*" "*-pkg.el"))
                     :source "MELPA" :protocol https :inherit t :depth
                     treeless :ref
                     "e1ef5dad75fa502d761f70d9ddf1aeb1c423f41d"))
 (avy :source "elpaca-menu-lock-file" :recipe
      (:package "avy" :repo "abo-abo/avy" :fetcher github :files
                ("*.el" "*.el.in" "dir" "*.info" "*.texi" "*.texinfo"
                 "doc/dir" "doc/*.info" "doc/*.texi" "doc/*.texinfo"
                 "lisp/*.el" "docs/dir" "docs/*.info" "docs/*.texi"
                 "docs/*.texinfo"
                 (:exclude ".dir-locals.el" "test.el" "tests.el"
                           "*-test.el" "*-tests.el" "LICENSE"
                           "README*" "*-pkg.el"))
                :source "MELPA" :protocol https :inherit t :depth
                treeless :ref
                "933d1f36cca0f71e4acb5fac707e9ae26c536264"))
 (casual :source "elpaca-menu-lock-file" :recipe
         (:package "casual" :fetcher github :repo
                   "kickingvegas/casual" :old-names
                   (casual-agenda casual-bookmarks casual-calc
                                  casual-dired casual-editkit
                                  casual-ibuffer casual-info
                                  casual-isearch cc-isearch-menu
                                  casual-lib casual-re-builder)
                   :files (:defaults "docs/images") :source "MELPA"
                   :protocol https :inherit t :depth treeless :ref
                   "838bba16c3029cdec777bb8e6224e349df8fbbe5"))
 (casual-avy :source "elpaca-menu-lock-file" :recipe
             (:package "casual-avy" :fetcher github :repo
                       "kickingvegas/casual-avy" :files
                       ("*.el" "*.el.in" "dir" "*.info" "*.texi"
                        "*.texinfo" "doc/dir" "doc/*.info"
                        "doc/*.texi" "doc/*.texinfo" "lisp/*.el"
                        "docs/dir" "docs/*.info" "docs/*.texi"
                        "docs/*.texinfo"
                        (:exclude ".dir-locals.el" "test.el"
                                  "tests.el" "*-test.el" "*-tests.el"
                                  "LICENSE" "README*" "*-pkg.el"))
                       :source "MELPA" :protocol https :inherit t
                       :depth treeless :type git :host github :ref
                       "c5bc8e9d57a843f75e6125f097550414af3d5ec7"))
 (catppuccin-theme :source "elpaca-menu-lock-file" :recipe
                   (:package "catppuccin-theme" :fetcher github :repo
                             "catppuccin/emacs" :files
                             ("*.el" "*.el.in" "dir" "*.info" "*.texi"
                              "*.texinfo" "doc/dir" "doc/*.info"
                              "doc/*.texi" "doc/*.texinfo" "lisp/*.el"
                              "docs/dir" "docs/*.info" "docs/*.texi"
                              "docs/*.texinfo"
                              (:exclude ".dir-locals.el" "test.el"
                                        "tests.el" "*-test.el"
                                        "*-tests.el" "LICENSE"
                                        "README*" "*-pkg.el"))
                             :source "MELPA" :protocol https :inherit
                             t :depth treeless :ref
                             "7cd71f94865674eccde8e3c17175e12942a9e047"))
 (cond-let :source "elpaca-menu-lock-file" :recipe
           (:package "cond-let" :fetcher github :repo
                     "tarsius/cond-let" :files
                     ("*.el" "*.el.in" "dir" "*.info" "*.texi"
                      "*.texinfo" "doc/dir" "doc/*.info" "doc/*.texi"
                      "doc/*.texinfo" "lisp/*.el" "docs/dir"
                      "docs/*.info" "docs/*.texi" "docs/*.texinfo"
                      (:exclude ".dir-locals.el" "test.el" "tests.el"
                                "*-test.el" "*-tests.el" "LICENSE"
                                "README*" "*-pkg.el"))
                     :source "MELPA" :protocol https :inherit t :depth
                     treeless :ref
                     "8bf87d45e169ebc091103b2aae325aece3aa804d"))
 (consult :source "elpaca-menu-lock-file" :recipe
          (:package "consult" :repo "minad/consult" :fetcher github
                    :files
                    ("*.el" "*.el.in" "dir" "*.info" "*.texi"
                     "*.texinfo" "doc/dir" "doc/*.info" "doc/*.texi"
                     "doc/*.texinfo" "lisp/*.el" "docs/dir"
                     "docs/*.info" "docs/*.texi" "docs/*.texinfo"
                     (:exclude ".dir-locals.el" "test.el" "tests.el"
                               "*-test.el" "*-tests.el" "LICENSE"
                               "README*" "*-pkg.el"))
                    :source "MELPA" :protocol https :inherit t :depth
                    treeless :ref
                    "e75ff50ebab9705bdd89b2f46c6347ee041f15a9"))
 (corfu :source "elpaca-menu-lock-file" :recipe
        (:package "corfu" :repo "minad/corfu" :files
                  (:defaults "extensions/corfu-*.el") :fetcher github
                  :source "MELPA" :protocol https :inherit t :depth
                  treeless :ref
                  "1d8cf388c842881fe7603ee621a2b26207cf4fcb"))
 (csv-mode :source "elpaca-menu-lock-file" :recipe
           (:package "csv-mode" :repo
                     ("https://github.com/emacsmirror/gnu_elpa"
                      . "csv-mode")
                     :branch "externals/csv-mode" :files
                     ("*" (:exclude ".git")) :source "GNU ELPA"
                     :protocol https :inherit t :depth treeless :ref
                     "ba5dc934b9dbdc2b57ab1917a669cdfd7d1838d3"))
 (dash :source "elpaca-menu-lock-file" :recipe
       (:package "dash" :fetcher github :repo "magnars/dash.el" :files
                 ("dash.el" "dash.texi") :source "MELPA" :protocol
                 https :inherit t :depth treeless :ref
                 "fb443e7a6e660ba849cafcd01021d9aac3ac6764"))
 (denote :source "elpaca-menu-lock-file" :recipe
         (:package "denote" :repo
                   ("https://github.com/protesilaos/denote" . "denote")
                   :files
                   ("*" (:exclude ".git" "COPYING" "doclicense.texi"))
                   :source "GNU ELPA" :protocol https :inherit t
                   :depth treeless :ref
                   "2a542e20fff30a4b3549bb3bc86590f72842c209"))
 (denote-journal :source "elpaca-menu-lock-file" :recipe
                 (:package "denote-journal" :repo
                           ("https://github.com/protesilaos/denote-journal"
                            . "denote-journal")
                           :files ("*" (:exclude ".git")) :source
                           "GNU ELPA" :protocol https :inherit t
                           :depth treeless :ref
                           "b334ef099cee803f02534b5f0db95337e4ca46c8"))
 (diff-hl :source "elpaca-menu-lock-file" :recipe
          (:package "diff-hl" :fetcher github :repo "dgutov/diff-hl"
                    :files
                    ("*.el" "*.el.in" "dir" "*.info" "*.texi"
                     "*.texinfo" "doc/dir" "doc/*.info" "doc/*.texi"
                     "doc/*.texinfo" "lisp/*.el" "docs/dir"
                     "docs/*.info" "docs/*.texi" "docs/*.texinfo"
                     (:exclude ".dir-locals.el" "test.el" "tests.el"
                               "*-test.el" "*-tests.el" "LICENSE"
                               "README*" "*-pkg.el"))
                    :source "MELPA" :protocol https :inherit t :depth
                    treeless :ref
                    "e79aa49ad3cbbe85379cf6646db3aaacd3b04708"))
 (doom-modeline :source "elpaca-menu-lock-file" :recipe
                (:package "doom-modeline" :repo
                          "seagle0128/doom-modeline" :fetcher github
                          :files
                          ("*.el" "*.el.in" "dir" "*.info" "*.texi"
                           "*.texinfo" "doc/dir" "doc/*.info"
                           "doc/*.texi" "doc/*.texinfo" "lisp/*.el"
                           "docs/dir" "docs/*.info" "docs/*.texi"
                           "docs/*.texinfo"
                           (:exclude ".dir-locals.el" "test.el"
                                     "tests.el" "*-test.el"
                                     "*-tests.el" "LICENSE" "README*"
                                     "*-pkg.el"))
                          :source "MELPA" :protocol https :inherit t
                          :depth treeless :ref
                          "0cd7797eca092b7800da77547471cae2011a2fd2"))
 (dotenv-mode :source "elpaca-menu-lock-file" :recipe
              (:package "dotenv-mode" :repo
                        "preetpalS/emacs-dotenv-mode" :fetcher github
                        :files
                        ("*.el" "*.el.in" "dir" "*.info" "*.texi"
                         "*.texinfo" "doc/dir" "doc/*.info"
                         "doc/*.texi" "doc/*.texinfo" "lisp/*.el"
                         "docs/dir" "docs/*.info" "docs/*.texi"
                         "docs/*.texinfo"
                         (:exclude ".dir-locals.el" "test.el"
                                   "tests.el" "*-test.el" "*-tests.el"
                                   "LICENSE" "README*" "*-pkg.el"))
                        :source "MELPA" :protocol https :inherit t
                        :depth treeless :ref
                        "e3701bf739bde44f6484eb7753deadaf691b73fb"))
 (eat :source "elpaca-menu-lock-file" :recipe
      (:package "eat" :repo "akib/emacs-eat" :files
                ("*.el" ("term" "term/*.el") "*.texi" "*.ti"
                 ("terminfo/e" "terminfo/e/*")
                 ("terminfo/65" "terminfo/65/*")
                 ("integration" "integration/*")
                 (:exclude ".dir-locals.el" "*-tests.el"))
                :source "NonGNU ELPA" :protocol https :inherit t
                :depth treeless :type git :host codeberg :ref
                "c8d54d649872bfe7b2b9f49ae5c2addbf12d3b99"))
 (eldoc-box :source "elpaca-menu-lock-file" :recipe
            (:package "eldoc-box" :repo "casouri/eldoc-box" :fetcher
                      github :files
                      ("*.el" "*.el.in" "dir" "*.info" "*.texi"
                       "*.texinfo" "doc/dir" "doc/*.info" "doc/*.texi"
                       "doc/*.texinfo" "lisp/*.el" "docs/dir"
                       "docs/*.info" "docs/*.texi" "docs/*.texinfo"
                       (:exclude ".dir-locals.el" "test.el" "tests.el"
                                 "*-test.el" "*-tests.el" "LICENSE"
                                 "README*" "*-pkg.el"))
                      :source "MELPA" :protocol https :inherit t
                      :depth treeless :ref
                      "595262ec8ff56e8f86ef77d8e69339e84117e5f0"))
 (elpaca :source
   "elpaca-menu-lock-file" :recipe
   (:source nil :protocol https :inherit ignore :depth 1 :repo
            "https://github.com/progfolio/elpaca.git" :ref
            "1508298c1ed19c81fa4ebc5d22d945322e9e4c52" :files
            (:defaults "elpaca-test.el" (:exclude "extensions"))
            :build (:not elpaca--activate-package) :package "elpaca"))
 (elpaca-use-package :source "elpaca-menu-lock-file" :recipe
                     (:package "elpaca-use-package" :wait t :repo
                               "https://github.com/progfolio/elpaca.git"
                               :files
                               ("extensions/elpaca-use-package.el")
                               :main
                               "extensions/elpaca-use-package.el"
                               :build (:not elpaca--compile-info)
                               :source "Elpaca extensions" :protocol
                               https :inherit t :depth treeless :ref
                               "1508298c1ed19c81fa4ebc5d22d945322e9e4c52"))
 (embark :source "elpaca-menu-lock-file" :recipe
         (:package "embark" :repo "oantolin/embark" :fetcher github
                   :files ("embark.el" "embark-org.el" "embark.texi")
                   :source "MELPA" :protocol https :inherit t :depth
                   treeless :ref
                   "7b3b2fa239c34c2e304eab4367a4f5924c047e2b"))
 (embark-consult :source "elpaca-menu-lock-file" :recipe
                 (:package "embark-consult" :repo "oantolin/embark"
                           :fetcher github :files
                           ("embark-consult.el") :source "MELPA"
                           :protocol https :inherit t :depth treeless
                           :ref
                           "7b3b2fa239c34c2e304eab4367a4f5924c047e2b"))
 (envrc :source "elpaca-menu-lock-file" :recipe
        (:package "envrc" :fetcher github :repo "purcell/envrc" :files
                  ("*.el" "*.el.in" "dir" "*.info" "*.texi"
                   "*.texinfo" "doc/dir" "doc/*.info" "doc/*.texi"
                   "doc/*.texinfo" "lisp/*.el" "docs/dir"
                   "docs/*.info" "docs/*.texi" "docs/*.texinfo"
                   (:exclude ".dir-locals.el" "test.el" "tests.el"
                             "*-test.el" "*-tests.el" "LICENSE"
                             "README*" "*-pkg.el"))
                  :source "MELPA" :protocol https :inherit t :depth
                  treeless :ref
                  "06d72d141ac2e2990d80cdb8bb84f6cb54c628a5"))
 (evil :source "elpaca-menu-lock-file" :recipe
       (:package "evil" :repo "emacs-evil/evil" :fetcher github :files
                 (:defaults "doc/build/texinfo/evil.texi"
                            (:exclude "evil-test-helpers.el"))
                 :source "MELPA" :protocol https :inherit t :depth
                 treeless :ref
                 "729d9a58b387704011a115c9200614e32da3cefc"))
 (evil-collection :source "elpaca-menu-lock-file" :recipe
                  (:package "evil-collection" :fetcher github :repo
                            "emacs-evil/evil-collection" :files
                            (:defaults "modes") :source "MELPA"
                            :protocol https :inherit t :depth treeless
                            :ref
                            "d052ad2ec1f6a4b101f873f01517b295cd7dc4a9"))
 (evil-matchit :source "elpaca-menu-lock-file" :recipe
               (:package "evil-matchit" :fetcher github :repo
                         "redguardtoo/evil-matchit" :files
                         ("*.el" "*.el.in" "dir" "*.info" "*.texi"
                          "*.texinfo" "doc/dir" "doc/*.info"
                          "doc/*.texi" "doc/*.texinfo" "lisp/*.el"
                          "docs/dir" "docs/*.info" "docs/*.texi"
                          "docs/*.texinfo"
                          (:exclude ".dir-locals.el" "test.el"
                                    "tests.el" "*-test.el"
                                    "*-tests.el" "LICENSE" "README*"
                                    "*-pkg.el"))
                         :source "MELPA" :protocol https :inherit t
                         :depth treeless :ref
                         "eb2b0c776c9d1cf3199c24473499ce4adfa44178"))
 (evil-surround :source "elpaca-menu-lock-file" :recipe
                (:package "evil-surround" :repo
                          "emacs-evil/evil-surround" :fetcher github
                          :old-names (surround) :files
                          ("*.el" "*.el.in" "dir" "*.info" "*.texi"
                           "*.texinfo" "doc/dir" "doc/*.info"
                           "doc/*.texi" "doc/*.texinfo" "lisp/*.el"
                           "docs/dir" "docs/*.info" "docs/*.texi"
                           "docs/*.texinfo"
                           (:exclude ".dir-locals.el" "test.el"
                                     "tests.el" "*-test.el"
                                     "*-tests.el" "LICENSE" "README*"
                                     "*-pkg.el"))
                          :source "MELPA" :protocol https :inherit t
                          :depth treeless :ref
                          "da05c60b0621cf33161bb4335153f75ff5c29d91"))
 (f :source "elpaca-menu-lock-file" :recipe
    (:package "f" :fetcher github :repo "rejeep/f.el" :files
              ("*.el" "*.el.in" "dir" "*.info" "*.texi" "*.texinfo"
               "doc/dir" "doc/*.info" "doc/*.texi" "doc/*.texinfo"
               "lisp/*.el" "docs/dir" "docs/*.info" "docs/*.texi"
               "docs/*.texinfo"
               (:exclude ".dir-locals.el" "test.el" "tests.el"
                         "*-test.el" "*-tests.el" "LICENSE" "README*"
                         "*-pkg.el"))
              :source "MELPA" :protocol https :inherit t :depth
              treeless :ref "931b6d0667fe03e7bf1c6c282d6d8d7006143c52"))
 (fringe-helper :source "elpaca-menu-lock-file" :recipe
                (:package "fringe-helper" :fetcher github :repo
                          "nschum/fringe-helper.el" :files
                          ("*.el" "*.el.in" "dir" "*.info" "*.texi"
                           "*.texinfo" "doc/dir" "doc/*.info"
                           "doc/*.texi" "doc/*.texinfo" "lisp/*.el"
                           "docs/dir" "docs/*.info" "docs/*.texi"
                           "docs/*.texinfo"
                           (:exclude ".dir-locals.el" "test.el"
                                     "tests.el" "*-test.el"
                                     "*-tests.el" "LICENSE" "README*"
                                     "*-pkg.el"))
                          :source "MELPA" :protocol https :inherit t
                          :depth treeless :ref
                          "ef4a9c023bae18ec1ddd7265f1f2d6d2e775efdd"))
 (goto-chg :source "elpaca-menu-lock-file" :recipe
           (:package "goto-chg" :repo "emacs-evil/goto-chg" :fetcher
                     github :files
                     ("*.el" "*.el.in" "dir" "*.info" "*.texi"
                      "*.texinfo" "doc/dir" "doc/*.info" "doc/*.texi"
                      "doc/*.texinfo" "lisp/*.el" "docs/dir"
                      "docs/*.info" "docs/*.texi" "docs/*.texinfo"
                      (:exclude ".dir-locals.el" "test.el" "tests.el"
                                "*-test.el" "*-tests.el" "LICENSE"
                                "README*" "*-pkg.el"))
                     :source "MELPA" :protocol https :inherit t :depth
                     treeless :ref
                     "72f556524b88e9d30dc7fc5b0dc32078c166fda7"))
 (ht :source "elpaca-menu-lock-file" :recipe
     (:package "ht" :fetcher github :repo "Wilfred/ht.el" :files
               ("*.el" "*.el.in" "dir" "*.info" "*.texi" "*.texinfo"
                "doc/dir" "doc/*.info" "doc/*.texi" "doc/*.texinfo"
                "lisp/*.el" "docs/dir" "docs/*.info" "docs/*.texi"
                "docs/*.texinfo"
                (:exclude ".dir-locals.el" "test.el" "tests.el"
                          "*-test.el" "*-tests.el" "LICENSE" "README*"
                          "*-pkg.el"))
               :source "MELPA" :protocol https :inherit t :depth
               treeless :ref
               "1c49aad1c820c86f7ee35bf9fff8429502f60fef"))
 (indent-guide :source "elpaca-menu-lock-file" :recipe
               (:package "indent-guide" :fetcher github :repo
                         "zk-phi/indent-guide" :files
                         ("*.el" "*.el.in" "dir" "*.info" "*.texi"
                          "*.texinfo" "doc/dir" "doc/*.info"
                          "doc/*.texi" "doc/*.texinfo" "lisp/*.el"
                          "docs/dir" "docs/*.info" "docs/*.texi"
                          "docs/*.texinfo"
                          (:exclude ".dir-locals.el" "test.el"
                                    "tests.el" "*-test.el"
                                    "*-tests.el" "LICENSE" "README*"
                                    "*-pkg.el"))
                         :source "MELPA" :protocol https :inherit t
                         :depth treeless :ref
                         "d388c3387781a370ca13233ff445d03f3c5cf12f"))
 (inheritenv :source "elpaca-menu-lock-file" :recipe
             (:package "inheritenv" :fetcher github :repo
                       "purcell/inheritenv" :files
                       ("*.el" "*.el.in" "dir" "*.info" "*.texi"
                        "*.texinfo" "doc/dir" "doc/*.info"
                        "doc/*.texi" "doc/*.texinfo" "lisp/*.el"
                        "docs/dir" "docs/*.info" "docs/*.texi"
                        "docs/*.texinfo"
                        (:exclude ".dir-locals.el" "test.el"
                                  "tests.el" "*-test.el" "*-tests.el"
                                  "LICENSE" "README*" "*-pkg.el"))
                       :source "MELPA" :protocol https :inherit t
                       :depth treeless :ref
                       "b9e67cc20c069539698a9ac54d0e6cc11e616c6f"))
 (llama :source "elpaca-menu-lock-file" :recipe
        (:package "llama" :fetcher github :repo "tarsius/llama" :files
                  ("llama.el" ".dir-locals.el") :source "MELPA"
                  :protocol https :inherit t :depth treeless :ref
                  "2a89ba755b0459914a44b1ffa793e57f759a5b85"))
 (lsp-mode :source "elpaca-menu-lock-file" :recipe
           (:package "lsp-mode" :repo "emacs-lsp/lsp-mode" :fetcher
                     github :files (:defaults "clients/*.*") :source
                     "MELPA" :protocol https :inherit t :depth
                     treeless :ref
                     "966bdd01f2a818cd4c4854e2ff04b1323dff5138"))
 (lsp-tailwindcss :source "elpaca-menu-lock-file" :recipe
                  (:package "lsp-tailwindcss" :repo
                            "merrickluo/lsp-tailwindcss" :fetcher
                            github :files
                            ("*.el" "*.el.in" "dir" "*.info" "*.texi"
                             "*.texinfo" "doc/dir" "doc/*.info"
                             "doc/*.texi" "doc/*.texinfo" "lisp/*.el"
                             "docs/dir" "docs/*.info" "docs/*.texi"
                             "docs/*.texinfo"
                             (:exclude ".dir-locals.el" "test.el"
                                       "tests.el" "*-test.el"
                                       "*-tests.el" "LICENSE"
                                       "README*" "*-pkg.el"))
                            :source "MELPA" :protocol https :inherit t
                            :depth treeless :ref
                            "cdd0325a6a571e51f6c7d1cbc198c7a7ea4a194a"))
 (lv :source "elpaca-menu-lock-file" :recipe
     (:package "lv" :repo "abo-abo/hydra" :fetcher github :files
               ("lv.el") :source "MELPA" :protocol https :inherit t
               :depth treeless :ref
               "59a2a45a35027948476d1d7751b0f0215b1e61aa"))
 (magit :source "elpaca-menu-lock-file" :recipe
        (:package "magit" :fetcher github :repo "magit/magit" :files
                  ("lisp/magit*.el" "lisp/git-*.el" "docs/magit.texi"
                   "docs/AUTHORS.md" "LICENSE" ".dir-locals.el"
                   ("git-hooks" "git-hooks/*")
                   (:exclude "lisp/magit-section.el"))
                  :source "MELPA" :protocol https :inherit t :depth
                  treeless :ref
                  "3e91100014c58d16413c57cb849f5025e53fb30e"))
 (magit-section :source "elpaca-menu-lock-file" :recipe
                (:package "magit-section" :fetcher github :repo
                          "magit/magit" :files
                          ("lisp/magit-section.el"
                           "docs/magit-section.texi"
                           "magit-section-pkg.el")
                          :source "MELPA" :protocol https :inherit t
                          :depth treeless :ref
                          "3e91100014c58d16413c57cb849f5025e53fb30e"))
 (marginalia :source "elpaca-menu-lock-file" :recipe
             (:package "marginalia" :repo "minad/marginalia" :fetcher
                       github :files
                       ("*.el" "*.el.in" "dir" "*.info" "*.texi"
                        "*.texinfo" "doc/dir" "doc/*.info"
                        "doc/*.texi" "doc/*.texinfo" "lisp/*.el"
                        "docs/dir" "docs/*.info" "docs/*.texi"
                        "docs/*.texinfo"
                        (:exclude ".dir-locals.el" "test.el"
                                  "tests.el" "*-test.el" "*-tests.el"
                                  "LICENSE" "README*" "*-pkg.el"))
                       :source "MELPA" :protocol https :inherit t
                       :depth treeless :ref
                       "0d08fbea0f1182627891240780081ba528c1348b"))
 (markdown-mode :source "elpaca-menu-lock-file" :recipe
                (:package "markdown-mode" :fetcher github :repo
                          "jrblevin/markdown-mode" :files
                          ("*.el" "*.el.in" "dir" "*.info" "*.texi"
                           "*.texinfo" "doc/dir" "doc/*.info"
                           "doc/*.texi" "doc/*.texinfo" "lisp/*.el"
                           "docs/dir" "docs/*.info" "docs/*.texi"
                           "docs/*.texinfo"
                           (:exclude ".dir-locals.el" "test.el"
                                     "tests.el" "*-test.el"
                                     "*-tests.el" "LICENSE" "README*"
                                     "*-pkg.el"))
                          :source "MELPA" :protocol https :inherit t
                          :depth treeless :ref
                          "92802fae9ebbc8c2e4c281c06dcdbd74b8bca80e"))
 (mise :source "elpaca-menu-lock-file" :recipe
       (:package "mise" :fetcher github :repo "eki3z/mise.el" :files
                 ("*.el" "*.el.in" "dir" "*.info" "*.texi" "*.texinfo"
                  "doc/dir" "doc/*.info" "doc/*.texi" "doc/*.texinfo"
                  "lisp/*.el" "docs/dir" "docs/*.info" "docs/*.texi"
                  "docs/*.texinfo"
                  (:exclude ".dir-locals.el" "test.el" "tests.el"
                            "*-test.el" "*-tests.el" "LICENSE"
                            "README*" "*-pkg.el"))
                 :source "MELPA" :protocol https :inherit t :depth
                 treeless :ref
                 "849c44b36594c80c57a555c5671dd1a5a83d3184"))
 (neotree :source "elpaca-menu-lock-file" :recipe
          (:package "neotree" :repo "jaypei/emacs-neotree" :fetcher
                    github :files (:defaults "icons") :source "MELPA"
                    :protocol https :inherit t :depth treeless :ref
                    "3178805a0942696d1e5162575d9cab43d14b7970"))
 (nerd-icons :source "elpaca-menu-lock-file" :recipe
             (:package "nerd-icons" :repo
                       "rainstormstudio/nerd-icons.el" :fetcher github
                       :files (:defaults "data") :source "MELPA"
                       :protocol https :inherit t :depth treeless :ref
                       "9a7f44db9a53567f04603bc88d05402cad49c64c"))
 (nerd-icons-completion :source "elpaca-menu-lock-file" :recipe
                        (:package "nerd-icons-completion" :repo
                                  "rainstormstudio/nerd-icons-completion"
                                  :fetcher github :files
                                  ("*.el" "*.el.in" "dir" "*.info"
                                   "*.texi" "*.texinfo" "doc/dir"
                                   "doc/*.info" "doc/*.texi"
                                   "doc/*.texinfo" "lisp/*.el"
                                   "docs/dir" "docs/*.info"
                                   "docs/*.texi" "docs/*.texinfo"
                                   (:exclude ".dir-locals.el"
                                             "test.el" "tests.el"
                                             "*-test.el" "*-tests.el"
                                             "LICENSE" "README*"
                                             "*-pkg.el"))
                                  :source "MELPA" :protocol https
                                  :inherit t :depth treeless :ref
                                  "d09ea987ed3d2cc64137234f27851594050e2b64"))
 (nerd-icons-corfu :source "elpaca-menu-lock-file" :recipe
                   (:package "nerd-icons-corfu" :fetcher github :repo
                             "LuigiPiucco/nerd-icons-corfu" :files
                             ("*.el" "*.el.in" "dir" "*.info" "*.texi"
                              "*.texinfo" "doc/dir" "doc/*.info"
                              "doc/*.texi" "doc/*.texinfo" "lisp/*.el"
                              "docs/dir" "docs/*.info" "docs/*.texi"
                              "docs/*.texinfo"
                              (:exclude ".dir-locals.el" "test.el"
                                        "tests.el" "*-test.el"
                                        "*-tests.el" "LICENSE"
                                        "README*" "*-pkg.el"))
                             :source "MELPA" :protocol https :inherit
                             t :depth treeless :ref
                             "f821e953b1a3dc9b381bc53486aabf366bf11cb1"))
 (nerd-icons-dired :source "elpaca-menu-lock-file" :recipe
                   (:package "nerd-icons-dired" :repo
                             "rainstormstudio/nerd-icons-dired"
                             :fetcher github :files
                             ("*.el" "*.el.in" "dir" "*.info" "*.texi"
                              "*.texinfo" "doc/dir" "doc/*.info"
                              "doc/*.texi" "doc/*.texinfo" "lisp/*.el"
                              "docs/dir" "docs/*.info" "docs/*.texi"
                              "docs/*.texinfo"
                              (:exclude ".dir-locals.el" "test.el"
                                        "tests.el" "*-test.el"
                                        "*-tests.el" "LICENSE"
                                        "README*" "*-pkg.el"))
                             :source "MELPA" :protocol https :inherit
                             t :depth treeless :ref
                             "3265d6c4b552eae457d50d423adb10494113d70b"))
 (nix-mode :source "elpaca-menu-lock-file" :recipe
           (:package "nix-mode" :fetcher github :repo "NixOS/nix-mode"
                     :files
                     (:defaults
                      (:exclude "nix-company.el" "nix-mode-mmm.el"))
                     :source "MELPA" :protocol https :inherit t :depth
                     treeless :ref
                     "719feb7868fb567ecfe5578f6119892c771ac5e5"))
 (orderless :source "elpaca-menu-lock-file" :recipe
            (:package "orderless" :repo "oantolin/orderless" :fetcher
                      github :files
                      ("*.el" "*.el.in" "dir" "*.info" "*.texi"
                       "*.texinfo" "doc/dir" "doc/*.info" "doc/*.texi"
                       "doc/*.texinfo" "lisp/*.el" "docs/dir"
                       "docs/*.info" "docs/*.texi" "docs/*.texinfo"
                       (:exclude ".dir-locals.el" "test.el" "tests.el"
                                 "*-test.el" "*-tests.el" "LICENSE"
                                 "README*" "*-pkg.el"))
                      :source "MELPA" :protocol https :inherit t
                      :depth treeless :ref
                      "3a2a32181f7a5bd7b633e40d89de771a5dd88cc7"))
 (org-modern :source "elpaca-menu-lock-file" :recipe
             (:package "org-modern" :repo "minad/org-modern" :fetcher
                       github :files
                       ("*.el" "*.el.in" "dir" "*.info" "*.texi"
                        "*.texinfo" "doc/dir" "doc/*.info"
                        "doc/*.texi" "doc/*.texinfo" "lisp/*.el"
                        "docs/dir" "docs/*.info" "docs/*.texi"
                        "docs/*.texinfo"
                        (:exclude ".dir-locals.el" "test.el"
                                  "tests.el" "*-test.el" "*-tests.el"
                                  "LICENSE" "README*" "*-pkg.el"))
                       :source "MELPA" :protocol https :inherit t
                       :depth treeless :ref
                       "b4b5b1c864f1fdf240d1bbd7093529f5a75e8a06"))
 (origami :source "elpaca-menu-lock-file" :recipe
          (:package "origami" :fetcher github :repo
                    "elp-revive/origami.el" :files
                    ("*.el" "*.el.in" "dir" "*.info" "*.texi"
                     "*.texinfo" "doc/dir" "doc/*.info" "doc/*.texi"
                     "doc/*.texinfo" "lisp/*.el" "docs/dir"
                     "docs/*.info" "docs/*.texi" "docs/*.texinfo"
                     (:exclude ".dir-locals.el" "test.el" "tests.el"
                               "*-test.el" "*-tests.el" "LICENSE"
                               "README*" "*-pkg.el"))
                    :source "MELPA" :protocol https :inherit t :depth
                    treeless :type git :host github :ref
                    "1a21a9fc31c59e44059cd7e386c9c54d5a52cccd"))
 (pulsar :source "elpaca-menu-lock-file" :recipe
         (:package "pulsar" :repo
                   ("https://github.com/protesilaos/pulsar" . "pulsar")
                   :files
                   ("*" (:exclude ".git" "COPYING" "doclicense.texi"))
                   :source "GNU ELPA" :protocol https :inherit t
                   :depth treeless :ref
                   "7f32ceeaf59de5c035b90c7afffa249c5ff3185a"))
 (rainbow-delimiters :source "elpaca-menu-lock-file" :recipe
                     (:package "rainbow-delimiters" :fetcher github
                               :repo "Fanael/rainbow-delimiters"
                               :files
                               ("*.el" "*.el.in" "dir" "*.info"
                                "*.texi" "*.texinfo" "doc/dir"
                                "doc/*.info" "doc/*.texi"
                                "doc/*.texinfo" "lisp/*.el" "docs/dir"
                                "docs/*.info" "docs/*.texi"
                                "docs/*.texinfo"
                                (:exclude ".dir-locals.el" "test.el"
                                          "tests.el" "*-test.el"
                                          "*-tests.el" "LICENSE"
                                          "README*" "*-pkg.el"))
                               :source "MELPA" :protocol https
                               :inherit t :depth treeless :ref
                               "f40ece58df8b2f0fb6c8576b527755a552a5e763"))
 (s :source "elpaca-menu-lock-file" :recipe
    (:package "s" :fetcher github :repo "magnars/s.el" :files
              ("*.el" "*.el.in" "dir" "*.info" "*.texi" "*.texinfo"
               "doc/dir" "doc/*.info" "doc/*.texi" "doc/*.texinfo"
               "lisp/*.el" "docs/dir" "docs/*.info" "docs/*.texi"
               "docs/*.texinfo"
               (:exclude ".dir-locals.el" "test.el" "tests.el"
                         "*-test.el" "*-tests.el" "LICENSE" "README*"
                         "*-pkg.el"))
              :source "MELPA" :protocol https :inherit t :depth
              treeless :ref "dda84d38fffdaf0c9b12837b504b402af910d01d"))
 (shrink-path :source "elpaca-menu-lock-file" :recipe
              (:package "shrink-path" :fetcher gitlab :repo
                        "bennya/shrink-path.el" :files
                        ("*.el" "*.el.in" "dir" "*.info" "*.texi"
                         "*.texinfo" "doc/dir" "doc/*.info"
                         "doc/*.texi" "doc/*.texinfo" "lisp/*.el"
                         "docs/dir" "docs/*.info" "docs/*.texi"
                         "docs/*.texinfo"
                         (:exclude ".dir-locals.el" "test.el"
                                   "tests.el" "*-test.el" "*-tests.el"
                                   "LICENSE" "README*" "*-pkg.el"))
                        :source "MELPA" :protocol https :inherit t
                        :depth treeless :ref
                        "c14882c8599aec79a6e8ef2d06454254bb3e1e41"))
 (spinner :source "elpaca-menu-lock-file" :recipe
          (:package "spinner" :repo
                    ("https://github.com/Malabarba/spinner.el"
                     . "spinner")
                    :files ("*" (:exclude ".git")) :source "GNU ELPA"
                    :protocol https :inherit t :depth treeless :ref
                    "d4647ae87fb0cd24bc9081a3d287c860ff061c21"))
 (treesit-auto :source "elpaca-menu-lock-file" :recipe
               (:package "treesit-auto" :fetcher github :repo
                         "renzmann/treesit-auto" :files
                         ("*.el" "*.el.in" "dir" "*.info" "*.texi"
                          "*.texinfo" "doc/dir" "doc/*.info"
                          "doc/*.texi" "doc/*.texinfo" "lisp/*.el"
                          "docs/dir" "docs/*.info" "docs/*.texi"
                          "docs/*.texinfo"
                          (:exclude ".dir-locals.el" "test.el"
                                    "tests.el" "*-test.el"
                                    "*-tests.el" "LICENSE" "README*"
                                    "*-pkg.el"))
                         :source "MELPA" :protocol https :inherit t
                         :depth treeless :ref
                         "016bd286a1ba4628f833a626f8b9d497882ecdf3"))
 (undo-fu :source "elpaca-menu-lock-file" :recipe
          (:package "undo-fu" :fetcher codeberg :repo
                    "ideasman42/emacs-undo-fu" :files
                    ("*.el" "*.el.in" "dir" "*.info" "*.texi"
                     "*.texinfo" "doc/dir" "doc/*.info" "doc/*.texi"
                     "doc/*.texinfo" "lisp/*.el" "docs/dir"
                     "docs/*.info" "docs/*.texi" "docs/*.texinfo"
                     (:exclude ".dir-locals.el" "test.el" "tests.el"
                               "*-test.el" "*-tests.el" "LICENSE"
                               "README*" "*-pkg.el"))
                    :source "MELPA" :protocol https :inherit t :depth
                    treeless :ref
                    "b4ce5ed20c1cf0591e497e6998a7634a172726fa"))
 (undo-fu-session :source "elpaca-menu-lock-file" :recipe
                  (:package "undo-fu-session" :fetcher codeberg :repo
                            "ideasman42/emacs-undo-fu-session" :files
                            ("*.el" "*.el.in" "dir" "*.info" "*.texi"
                             "*.texinfo" "doc/dir" "doc/*.info"
                             "doc/*.texi" "doc/*.texinfo" "lisp/*.el"
                             "docs/dir" "docs/*.info" "docs/*.texi"
                             "docs/*.texinfo"
                             (:exclude ".dir-locals.el" "test.el"
                                       "tests.el" "*-test.el"
                                       "*-tests.el" "LICENSE"
                                       "README*" "*-pkg.el"))
                            :source "MELPA" :protocol https :inherit t
                            :depth treeless :ref
                            "34ae31308d2f290f87a330c76a627b7fe8ebb720"))
 (vertico :source "elpaca-menu-lock-file" :recipe
          (:package "vertico" :repo "minad/vertico" :files
                    (:defaults "extensions/vertico-*.el") :fetcher
                    github :source "MELPA" :protocol https :inherit t
                    :depth treeless :ref
                    "c6f6d0674cfeb4374a77dde5e5f899e0fe62dd32"))
 (vundo :source "elpaca-menu-lock-file" :recipe
        (:package "vundo" :repo
                  ("https://github.com/casouri/vundo" . "vundo")
                  :files ("*" (:exclude ".git" "test")) :source
                  "GNU ELPA" :protocol https :inherit t :depth
                  treeless :ref
                  "e0af8c5845abf884a644215a9cac37f39c13cd5a"))
 (with-editor :source "elpaca-menu-lock-file" :recipe
              (:package "with-editor" :fetcher github :repo
                        "magit/with-editor" :files
                        ("*.el" "*.el.in" "dir" "*.info" "*.texi"
                         "*.texinfo" "doc/dir" "doc/*.info"
                         "doc/*.texi" "doc/*.texinfo" "lisp/*.el"
                         "docs/dir" "docs/*.info" "docs/*.texi"
                         "docs/*.texinfo"
                         (:exclude ".dir-locals.el" "test.el"
                                   "tests.el" "*-test.el" "*-tests.el"
                                   "LICENSE" "README*" "*-pkg.el"))
                        :source "MELPA" :protocol https :inherit t
                        :depth treeless :ref
                        "902b4d572af2c2f36060da01e3c33d194cdec32b"))
 (xclip :source "elpaca-menu-lock-file" :recipe
        (:package "xclip" :repo
                  ("https://github.com/emacsmirror/gnu_elpa" . "xclip")
                  :branch "externals/xclip" :files
                  ("*" (:exclude ".git")) :source "GNU ELPA" :protocol
                  https :inherit t :depth treeless :ref
                  "7febe164de2a881b83b9d604d3c7cf20b69f422d")))
